
Microsoft Visual Studio Solution File, Format Version 11.00
# Visual Studio 2010
Project("{8BC9CEB8-8B4A-11D0-8D11-00A0C91BC942}") = "01_顺序表", "01_顺序表\01_顺序表.vcxproj", "{711ECE05-35EF-EAB5-D2BD-60AF8D319923}"
EndProject
Project("{8BC9CEB8-8B4A-11D0-8D11-00A0C91BC942}") = "02_单链表", "02_单链表\02_单链表.vcxproj", "{842C2841-55F6-C955-7DC2-2C8E2A2F3A82}"
EndProject
Project("{8BC9CEB8-8B4A-11D0-8D11-00A0C91BC942}") = "03_双向循环链表", "03_双向循环链表\03_双向循环链表.vcxproj", "{87E717C2-9F26-F229-7A7D-50F87E6B52D2}"
EndProject
Project("{8BC9CEB8-8B4A-11D0-8D11-00A0C91BC942}") = "04_单项循环链表", "04_单项循环链表\04_单项循环链表.vcxproj", "{7DB07D42-1971-BE67-CCA0-8D3629A82A8B}"
EndProject
Project("{8BC9CEB8-8B4A-11D0-8D11-00A0C91BC942}") = "05_顺序栈", "05_顺序栈\05_顺序栈.vcxproj", "{DBF73CD1-1600-7BFC-3813-8046B5B4CC60}"
EndProject
Project("{8BC9CEB8-8B4A-11D0-8D11-00A0C91BC942}") = "06_链式栈", "06_链式栈\06_链式栈.vcxproj", "{962CC521-15A4-8C65-5553-E3AC43A8B780}"
EndProject
Project("{8BC9CEB8-8B4A-11D0-8D11-00A0C91BC942}") = "07_顺序队列", "07_顺序队列\07_顺序队列.vcxproj", "{4FFA5802-7376-C94D-256D-15984855898C}"
EndProject
Project("{8BC9CEB8-8B4A-11D0-8D11-00A0C91BC942}") = "08_链式队列", "08_链式队列\08_链式队列.vcxproj", "{BA8E2E9D-5491-5D9A-1BAA-91281513EBBA}"
EndProject
Project("{8BC9CEB8-8B4A-11D0-8D11-00A0C91BC942}") = "09_优先级队列", "09_优先级队列\09_优先级队列.vcxproj", "{84D6C993-3F4F-24FB-8A64-039FDB920D73}"
EndProject
Project("{8BC9CEB8-8B4A-11D0-8D11-00A0C91BC942}") = "10_串", "10_串\10_串.vcxproj", "{26BE8D4F-6B08-D0D3-3A8F-3AEBFA1E5FB3}"
EndProject
Project("{8BC9CEB8-8B4A-11D0-8D11-00A0C91BC942}") = "11_二叉树", "11_二叉树\11_二叉树.vcxproj", "{9BA97923-068F-DBF9-E73E-2052E8042251}"
EndProject
Project("{8BC9CEB8-8B4A-11D0-8D11-00A0C91BC942}") = "12_线索二叉树", "12_线索二叉树\12_线索二叉树.vcxproj", "{2559B3D0-63E7-2A9E-24BA-792C906C36C8}"
EndProject
Project("{8BC9CEB8-8B4A-11D0-8D11-00A0C91BC942}") = "13_堆", "13_堆\13_堆.vcxproj", "{C12BDEE0-75D5-317D-8640-1B1EAF8CFD85}"
EndProject
Project("{8BC9CEB8-8B4A-11D0-8D11-00A0C91BC942}") = "14_哈夫曼树", "14_哈夫曼树\14_哈夫曼树.vcxproj", "{AAAB3FA0-8243-373F-09B2-DE1D61F57C97}"
EndProject
Project("{8BC9CEB8-8B4A-11D0-8D11-00A0C91BC942}") = "15_树", "15_树\15_树.vcxproj", "{2B1E38E0-00A4-15A3-DED5-E7111DEE78A4}"
EndProject
Project("{8BC9CEB8-8B4A-11D0-8D11-00A0C91BC942}") = "16_B加树", "16_B加树\16_B加树.vcxproj", "{173E65DF-3237-035C-6BB4-67E6A8B05749}"
EndProject
Project("{8BC9CEB8-8B4A-11D0-8D11-00A0C91BC942}") = "17_图", "17_图\17_图.vcxproj", "{14516D3F-B243-A09C-27A6-318AFD807191}"
EndProject
Project("{8BC9CEB8-8B4A-11D0-8D11-00A0C91BC942}") = "18_排序", "18_排序\18_排序.vcxproj", "{E809592D-6CAE-F9B7-B9FE-3B5BC09A16A3}"
EndProject
Global
	GlobalSection(SolutionConfigurationPlatforms) = preSolution
		Debug|Win32 = Debug|Win32
		Release|Win32 = Release|Win32
		Template|Win32 = Template|Win32
	EndGlobalSection
	GlobalSection(ProjectConfigurationPlatforms) = postSolution
		{711ECE05-35EF-EAB5-D2BD-60AF8D319923}.Debug|Win32.ActiveCfg = Debug|Win32
		{711ECE05-35EF-EAB5-D2BD-60AF8D319923}.Debug|Win32.Build.0 = Debug|Win32
		{711ECE05-35EF-EAB5-D2BD-60AF8D319923}.Release|Win32.ActiveCfg = Release|Win32
		{711ECE05-35EF-EAB5-D2BD-60AF8D319923}.Release|Win32.Build.0 = Release|Win32
		{711ECE05-35EF-EAB5-D2BD-60AF8D319923}.Template|Win32.ActiveCfg = Release|Win32
		{711ECE05-35EF-EAB5-D2BD-60AF8D319923}.Template|Win32.Build.0 = Release|Win32
		{842C2841-55F6-C955-7DC2-2C8E2A2F3A82}.Debug|Win32.ActiveCfg = Debug|Win32
		{842C2841-55F6-C955-7DC2-2C8E2A2F3A82}.Debug|Win32.Build.0 = Debug|Win32
		{842C2841-55F6-C955-7DC2-2C8E2A2F3A82}.Release|Win32.ActiveCfg = Release|Win32
		{842C2841-55F6-C955-7DC2-2C8E2A2F3A82}.Release|Win32.Build.0 = Release|Win32
		{842C2841-55F6-C955-7DC2-2C8E2A2F3A82}.Template|Win32.ActiveCfg = Release|Win32
		{842C2841-55F6-C955-7DC2-2C8E2A2F3A82}.Template|Win32.Build.0 = Release|Win32
		{87E717C2-9F26-F229-7A7D-50F87E6B52D2}.Debug|Win32.ActiveCfg = Debug|Win32
		{87E717C2-9F26-F229-7A7D-50F87E6B52D2}.Debug|Win32.Build.0 = Debug|Win32
		{87E717C2-9F26-F229-7A7D-50F87E6B52D2}.Release|Win32.ActiveCfg = Release|Win32
		{87E717C2-9F26-F229-7A7D-50F87E6B52D2}.Release|Win32.Build.0 = Release|Win32
		{87E717C2-9F26-F229-7A7D-50F87E6B52D2}.Template|Win32.ActiveCfg = Template|Win32
		{87E717C2-9F26-F229-7A7D-50F87E6B52D2}.Template|Win32.Build.0 = Template|Win32
		{7DB07D42-1971-BE67-CCA0-8D3629A82A8B}.Debug|Win32.ActiveCfg = Debug|Win32
		{7DB07D42-1971-BE67-CCA0-8D3629A82A8B}.Debug|Win32.Build.0 = Debug|Win32
		{7DB07D42-1971-BE67-CCA0-8D3629A82A8B}.Release|Win32.ActiveCfg = Release|Win32
		{7DB07D42-1971-BE67-CCA0-8D3629A82A8B}.Release|Win32.Build.0 = Release|Win32
		{7DB07D42-1971-BE67-CCA0-8D3629A82A8B}.Template|Win32.ActiveCfg = Template|Win32
		{7DB07D42-1971-BE67-CCA0-8D3629A82A8B}.Template|Win32.Build.0 = Template|Win32
		{DBF73CD1-1600-7BFC-3813-8046B5B4CC60}.Debug|Win32.ActiveCfg = Debug|Win32
		{DBF73CD1-1600-7BFC-3813-8046B5B4CC60}.Debug|Win32.Build.0 = Debug|Win32
		{DBF73CD1-1600-7BFC-3813-8046B5B4CC60}.Release|Win32.ActiveCfg = Release|Win32
		{DBF73CD1-1600-7BFC-3813-8046B5B4CC60}.Release|Win32.Build.0 = Release|Win32
		{DBF73CD1-1600-7BFC-3813-8046B5B4CC60}.Template|Win32.ActiveCfg = Template|Win32
		{DBF73CD1-1600-7BFC-3813-8046B5B4CC60}.Template|Win32.Build.0 = Template|Win32
		{962CC521-15A4-8C65-5553-E3AC43A8B780}.Debug|Win32.ActiveCfg = Debug|Win32
		{962CC521-15A4-8C65-5553-E3AC43A8B780}.Debug|Win32.Build.0 = Debug|Win32
		{962CC521-15A4-8C65-5553-E3AC43A8B780}.Release|Win32.ActiveCfg = Release|Win32
		{962CC521-15A4-8C65-5553-E3AC43A8B780}.Release|Win32.Build.0 = Release|Win32
		{962CC521-15A4-8C65-5553-E3AC43A8B780}.Template|Win32.ActiveCfg = Template|Win32
		{962CC521-15A4-8C65-5553-E3AC43A8B780}.Template|Win32.Build.0 = Template|Win32
		{4FFA5802-7376-C94D-256D-15984855898C}.Debug|Win32.ActiveCfg = Debug|Win32
		{4FFA5802-7376-C94D-256D-15984855898C}.Debug|Win32.Build.0 = Debug|Win32
		{4FFA5802-7376-C94D-256D-15984855898C}.Release|Win32.ActiveCfg = Release|Win32
		{4FFA5802-7376-C94D-256D-15984855898C}.Release|Win32.Build.0 = Release|Win32
		{4FFA5802-7376-C94D-256D-15984855898C}.Template|Win32.ActiveCfg = Template|Win32
		{4FFA5802-7376-C94D-256D-15984855898C}.Template|Win32.Build.0 = Template|Win32
		{BA8E2E9D-5491-5D9A-1BAA-91281513EBBA}.Debug|Win32.ActiveCfg = Debug|Win32
		{BA8E2E9D-5491-5D9A-1BAA-91281513EBBA}.Debug|Win32.Build.0 = Debug|Win32
		{BA8E2E9D-5491-5D9A-1BAA-91281513EBBA}.Release|Win32.ActiveCfg = Release|Win32
		{BA8E2E9D-5491-5D9A-1BAA-91281513EBBA}.Release|Win32.Build.0 = Release|Win32
		{BA8E2E9D-5491-5D9A-1BAA-91281513EBBA}.Template|Win32.ActiveCfg = Template|Win32
		{BA8E2E9D-5491-5D9A-1BAA-91281513EBBA}.Template|Win32.Build.0 = Template|Win32
		{84D6C993-3F4F-24FB-8A64-039FDB920D73}.Debug|Win32.ActiveCfg = Debug|Win32
		{84D6C993-3F4F-24FB-8A64-039FDB920D73}.Debug|Win32.Build.0 = Debug|Win32
		{84D6C993-3F4F-24FB-8A64-039FDB920D73}.Release|Win32.ActiveCfg = Release|Win32
		{84D6C993-3F4F-24FB-8A64-039FDB920D73}.Release|Win32.Build.0 = Release|Win32
		{84D6C993-3F4F-24FB-8A64-039FDB920D73}.Template|Win32.ActiveCfg = Template|Win32
		{84D6C993-3F4F-24FB-8A64-039FDB920D73}.Template|Win32.Build.0 = Template|Win32
		{26BE8D4F-6B08-D0D3-3A8F-3AEBFA1E5FB3}.Debug|Win32.ActiveCfg = Debug|Win32
		{26BE8D4F-6B08-D0D3-3A8F-3AEBFA1E5FB3}.Debug|Win32.Build.0 = Debug|Win32
		{26BE8D4F-6B08-D0D3-3A8F-3AEBFA1E5FB3}.Release|Win32.ActiveCfg = Release|Win32
		{26BE8D4F-6B08-D0D3-3A8F-3AEBFA1E5FB3}.Release|Win32.Build.0 = Release|Win32
		{26BE8D4F-6B08-D0D3-3A8F-3AEBFA1E5FB3}.Template|Win32.ActiveCfg = Template|Win32
		{26BE8D4F-6B08-D0D3-3A8F-3AEBFA1E5FB3}.Template|Win32.Build.0 = Template|Win32
		{9BA97923-068F-DBF9-E73E-2052E8042251}.Debug|Win32.ActiveCfg = Debug|Win32
		{9BA97923-068F-DBF9-E73E-2052E8042251}.Debug|Win32.Build.0 = Debug|Win32
		{9BA97923-068F-DBF9-E73E-2052E8042251}.Release|Win32.ActiveCfg = Release|Win32
		{9BA97923-068F-DBF9-E73E-2052E8042251}.Release|Win32.Build.0 = Release|Win32
		{9BA97923-068F-DBF9-E73E-2052E8042251}.Template|Win32.ActiveCfg = Template|Win32
		{9BA97923-068F-DBF9-E73E-2052E8042251}.Template|Win32.Build.0 = Template|Win32
		{2559B3D0-63E7-2A9E-24BA-792C906C36C8}.Debug|Win32.ActiveCfg = Debug|Win32
		{2559B3D0-63E7-2A9E-24BA-792C906C36C8}.Debug|Win32.Build.0 = Debug|Win32
		{2559B3D0-63E7-2A9E-24BA-792C906C36C8}.Release|Win32.ActiveCfg = Release|Win32
		{2559B3D0-63E7-2A9E-24BA-792C906C36C8}.Release|Win32.Build.0 = Release|Win32
		{2559B3D0-63E7-2A9E-24BA-792C906C36C8}.Template|Win32.ActiveCfg = Template|Win32
		{2559B3D0-63E7-2A9E-24BA-792C906C36C8}.Template|Win32.Build.0 = Template|Win32
		{C12BDEE0-75D5-317D-8640-1B1EAF8CFD85}.Debug|Win32.ActiveCfg = Debug|Win32
		{C12BDEE0-75D5-317D-8640-1B1EAF8CFD85}.Debug|Win32.Build.0 = Debug|Win32
		{C12BDEE0-75D5-317D-8640-1B1EAF8CFD85}.Release|Win32.ActiveCfg = Release|Win32
		{C12BDEE0-75D5-317D-8640-1B1EAF8CFD85}.Release|Win32.Build.0 = Release|Win32
		{C12BDEE0-75D5-317D-8640-1B1EAF8CFD85}.Template|Win32.ActiveCfg = Template|Win32
		{C12BDEE0-75D5-317D-8640-1B1EAF8CFD85}.Template|Win32.Build.0 = Template|Win32
		{AAAB3FA0-8243-373F-09B2-DE1D61F57C97}.Debug|Win32.ActiveCfg = Debug|Win32
		{AAAB3FA0-8243-373F-09B2-DE1D61F57C97}.Debug|Win32.Build.0 = Debug|Win32
		{AAAB3FA0-8243-373F-09B2-DE1D61F57C97}.Release|Win32.ActiveCfg = Release|Win32
		{AAAB3FA0-8243-373F-09B2-DE1D61F57C97}.Release|Win32.Build.0 = Release|Win32
		{AAAB3FA0-8243-373F-09B2-DE1D61F57C97}.Template|Win32.ActiveCfg = Template|Win32
		{AAAB3FA0-8243-373F-09B2-DE1D61F57C97}.Template|Win32.Build.0 = Template|Win32
		{2B1E38E0-00A4-15A3-DED5-E7111DEE78A4}.Debug|Win32.ActiveCfg = Debug|Win32
		{2B1E38E0-00A4-15A3-DED5-E7111DEE78A4}.Debug|Win32.Build.0 = Debug|Win32
		{2B1E38E0-00A4-15A3-DED5-E7111DEE78A4}.Release|Win32.ActiveCfg = Release|Win32
		{2B1E38E0-00A4-15A3-DED5-E7111DEE78A4}.Release|Win32.Build.0 = Release|Win32
		{2B1E38E0-00A4-15A3-DED5-E7111DEE78A4}.Template|Win32.ActiveCfg = Template|Win32
		{2B1E38E0-00A4-15A3-DED5-E7111DEE78A4}.Template|Win32.Build.0 = Template|Win32
		{173E65DF-3237-035C-6BB4-67E6A8B05749}.Debug|Win32.ActiveCfg = Debug|Win32
		{173E65DF-3237-035C-6BB4-67E6A8B05749}.Debug|Win32.Build.0 = Debug|Win32
		{173E65DF-3237-035C-6BB4-67E6A8B05749}.Release|Win32.ActiveCfg = Release|Win32
		{173E65DF-3237-035C-6BB4-67E6A8B05749}.Release|Win32.Build.0 = Release|Win32
		{173E65DF-3237-035C-6BB4-67E6A8B05749}.Template|Win32.ActiveCfg = Template|Win32
		{173E65DF-3237-035C-6BB4-67E6A8B05749}.Template|Win32.Build.0 = Template|Win32
		{14516D3F-B243-A09C-27A6-318AFD807191}.Debug|Win32.ActiveCfg = Debug|Win32
		{14516D3F-B243-A09C-27A6-318AFD807191}.Debug|Win32.Build.0 = Debug|Win32
		{14516D3F-B243-A09C-27A6-318AFD807191}.Release|Win32.ActiveCfg = Release|Win32
		{14516D3F-B243-A09C-27A6-318AFD807191}.Release|Win32.Build.0 = Release|Win32
		{14516D3F-B243-A09C-27A6-318AFD807191}.Template|Win32.ActiveCfg = Template|Win32
		{14516D3F-B243-A09C-27A6-318AFD807191}.Template|Win32.Build.0 = Template|Win32
		{E809592D-6CAE-F9B7-B9FE-3B5BC09A16A3}.Debug|Win32.ActiveCfg = Debug|Win32
		{E809592D-6CAE-F9B7-B9FE-3B5BC09A16A3}.Debug|Win32.Build.0 = Debug|Win32
		{E809592D-6CAE-F9B7-B9FE-3B5BC09A16A3}.Release|Win32.ActiveCfg = Release|Win32
		{E809592D-6CAE-F9B7-B9FE-3B5BC09A16A3}.Release|Win32.Build.0 = Release|Win32
		{E809592D-6CAE-F9B7-B9FE-3B5BC09A16A3}.Template|Win32.ActiveCfg = Template|Win32
		{E809592D-6CAE-F9B7-B9FE-3B5BC09A16A3}.Template|Win32.Build.0 = Template|Win32
	EndGlobalSection
	GlobalSection(SolutionProperties) = preSolution
		HideSolutionNode = FALSE
	EndGlobalSection
EndGlobal
